// !$*UTF8*$!
{
	archiveVersion = 1;
	classes = {
	};
	objectVersion = 56;
	objects = {

/* Begin PBXBuildFile section */
		270E0AEB2ADE809C008CAE37 /* BebasNeue-Regular.ttf in Resources */ = {isa = PBXBuildFile; fileRef = 270E0AEA2ADE809C008CAE37 /* BebasNeue-Regular.ttf */; };
		270E0AED2ADE875C008CAE37 /* UIFont.swift in Sources */ = {isa = PBXBuildFile; fileRef = 270E0AEC2ADE875C008CAE37 /* UIFont.swift */; };
		270E0AEF2ADEC81A008CAE37 /* NavigationBar.swift in Sources */ = {isa = PBXBuildFile; fileRef = 270E0AEE2ADEC81A008CAE37 /* NavigationBar.swift */; };
		273CD50C2AE1011900985C0E /* SlotMachineView.swift in Sources */ = {isa = PBXBuildFile; fileRef = 273CD50B2AE1011900985C0E /* SlotMachineView.swift */; };
		273CD50E2AE171BA00985C0E /* BottomBar.swift in Sources */ = {isa = PBXBuildFile; fileRef = 273CD50D2AE171BA00985C0E /* BottomBar.swift */; };
		275035542ADFB642004726E7 /* ProfilePopup.swift in Sources */ = {isa = PBXBuildFile; fileRef = 275035532ADFB642004726E7 /* ProfilePopup.swift */; };
		2764C9992B0A511C00486099 /* SettingsPopup.swift in Sources */ = {isa = PBXBuildFile; fileRef = 2764C9982B0A511C00486099 /* SettingsPopup.swift */; };
		277381502AF509B6003B5FCB /* AppConstants.swift in Sources */ = {isa = PBXBuildFile; fileRef = 2773814F2AF509B6003B5FCB /* AppConstants.swift */; };
		277381532AF50B98003B5FCB /* Utilities.swift in Sources */ = {isa = PBXBuildFile; fileRef = 277381522AF50B98003B5FCB /* Utilities.swift */; };
		279ED2552AEBABBB009A76C2 /* Lottie in Frameworks */ = {isa = PBXBuildFile; productRef = 279ED2542AEBABBB009A76C2 /* Lottie */; };
		279ED2582AEBACA6009A76C2 /* loader777.json in Resources */ = {isa = PBXBuildFile; fileRef = 279ED2572AEBACA6009A76C2 /* loader777.json */; };
		279ED25B2AEBB558009A76C2 /* SlotSpinningView.swift in Sources */ = {isa = PBXBuildFile; fileRef = 279ED25A2AEBB558009A76C2 /* SlotSpinningView.swift */; };
		279ED25F2AEBD27E009A76C2 /* winCoins.json in Resources */ = {isa = PBXBuildFile; fileRef = 279ED25E2AEBD27E009A76C2 /* winCoins.json */; };
		279ED2612AEBD2D1009A76C2 /* WinCoinsView.swift in Sources */ = {isa = PBXBuildFile; fileRef = 279ED2602AEBD2D1009A76C2 /* WinCoinsView.swift */; };
		279F5E892ACB38C2000FCF70 /* LoaderView.swift in Sources */ = {isa = PBXBuildFile; fileRef = 279F5E882ACB38C2000FCF70 /* LoaderView.swift */; };
		27A7386D2ACB1EF800DBE601 /* Images.xcassets in Resources */ = {isa = PBXBuildFile; fileRef = 27A7386C2ACB1EF800DBE601 /* Images.xcassets */; };
		27A89DF92ACC5254006E1E12 /* Color+Extension.swift in Sources */ = {isa = PBXBuildFile; fileRef = 27A89DF82ACC5254006E1E12 /* Color+Extension.swift */; };
		27A89DFB2ACC5806006E1E12 /* UIView.swift in Sources */ = {isa = PBXBuildFile; fileRef = 27A89DFA2ACC5806006E1E12 /* UIView.swift */; };
		27A8D99D2ACADD9F00078E74 /* AppDelegate.swift in Sources */ = {isa = PBXBuildFile; fileRef = 27A8D99C2ACADD9F00078E74 /* AppDelegate.swift */; };
		27A8D99F2ACADD9F00078E74 /* SceneDelegate.swift in Sources */ = {isa = PBXBuildFile; fileRef = 27A8D99E2ACADD9F00078E74 /* SceneDelegate.swift */; };
		27A8D9A12ACADD9F00078E74 /* ViewController.swift in Sources */ = {isa = PBXBuildFile; fileRef = 27A8D9A02ACADD9F00078E74 /* ViewController.swift */; };
		27A8D9A42ACADD9F00078E74 /* Main.storyboard in Resources */ = {isa = PBXBuildFile; fileRef = 27A8D9A22ACADD9F00078E74 /* Main.storyboard */; };
		27A8D9A72ACADD9F00078E74 /* CoolSlots.xcdatamodeld in Sources */ = {isa = PBXBuildFile; fileRef = 27A8D9A52ACADD9F00078E74 /* CoolSlots.xcdatamodeld */; };
		27A8D9A92ACADDA000078E74 /* Assets.xcassets in Resources */ = {isa = PBXBuildFile; fileRef = 27A8D9A82ACADDA000078E74 /* Assets.xcassets */; };
		27A8D9AC2ACADDA000078E74 /* LaunchScreen.storyboard in Resources */ = {isa = PBXBuildFile; fileRef = 27A8D9AA2ACADDA000078E74 /* LaunchScreen.storyboard */; };
		27A8D9B72ACADDA000078E74 /* CoolSlotsTests.swift in Sources */ = {isa = PBXBuildFile; fileRef = 27A8D9B62ACADDA000078E74 /* CoolSlotsTests.swift */; };
		27A8D9C12ACADDA000078E74 /* CoolSlotsUITests.swift in Sources */ = {isa = PBXBuildFile; fileRef = 27A8D9C02ACADDA000078E74 /* CoolSlotsUITests.swift */; };
		27A8D9C32ACADDA000078E74 /* CoolSlotsUITestsLaunchTests.swift in Sources */ = {isa = PBXBuildFile; fileRef = 27A8D9C22ACADDA000078E74 /* CoolSlotsUITestsLaunchTests.swift */; };
		27BABC4A2AF3C8BD00B79A6E /* SlotData.swift in Sources */ = {isa = PBXBuildFile; fileRef = 27BABC492AF3C8BD00B79A6E /* SlotData.swift */; };
/* End PBXBuildFile section */

/* Begin PBXContainerItemProxy section */
		27A8D9B32ACADDA000078E74 /* PBXContainerItemProxy */ = {
			isa = PBXContainerItemProxy;
			containerPortal = 27A8D9912ACADD9F00078E74 /* Project object */;
			proxyType = 1;
			remoteGlobalIDString = 27A8D9982ACADD9F00078E74;
			remoteInfo = CoolSlots;
		};
		27A8D9BD2ACADDA000078E74 /* PBXContainerItemProxy */ = {
			isa = PBXContainerItemProxy;
			containerPortal = 27A8D9912ACADD9F00078E74 /* Project object */;
			proxyType = 1;
			remoteGlobalIDString = 27A8D9982ACADD9F00078E74;
			remoteInfo = CoolSlots;
		};
/* End PBXContainerItemProxy section */

/* Begin PBXFileReference section */
		270E0AEA2ADE809C008CAE37 /* BebasNeue-Regular.ttf */ = {isa = PBXFileReference; lastKnownFileType = file; path = "BebasNeue-Regular.ttf"; sourceTree = "<group>"; };
		270E0AEC2ADE875C008CAE37 /* UIFont.swift */ = {isa = PBXFileReference; lastKnownFileType = sourcecode.swift; path = UIFont.swift; sourceTree = "<group>"; };
		270E0AEE2ADEC81A008CAE37 /* NavigationBar.swift */ = {isa = PBXFileReference; lastKnownFileType = sourcecode.swift; path = NavigationBar.swift; sourceTree = "<group>"; };
		273CD50B2AE1011900985C0E /* SlotMachineView.swift */ = {isa = PBXFileReference; lastKnownFileType = sourcecode.swift; path = SlotMachineView.swift; sourceTree = "<group>"; };
		273CD50D2AE171BA00985C0E /* BottomBar.swift */ = {isa = PBXFileReference; lastKnownFileType = sourcecode.swift; path = BottomBar.swift; sourceTree = "<group>"; };
		275035532ADFB642004726E7 /* ProfilePopup.swift */ = {isa = PBXFileReference; lastKnownFileType = sourcecode.swift; path = ProfilePopup.swift; sourceTree = "<group>"; };
		2764C9982B0A511C00486099 /* SettingsPopup.swift */ = {isa = PBXFileReference; lastKnownFileType = sourcecode.swift; path = SettingsPopup.swift; sourceTree = "<group>"; };
		2773814F2AF509B6003B5FCB /* AppConstants.swift */ = {isa = PBXFileReference; lastKnownFileType = sourcecode.swift; path = AppConstants.swift; sourceTree = "<group>"; };
		277381522AF50B98003B5FCB /* Utilities.swift */ = {isa = PBXFileReference; lastKnownFileType = sourcecode.swift; path = Utilities.swift; sourceTree = "<group>"; };
		279ED2572AEBACA6009A76C2 /* loader777.json */ = {isa = PBXFileReference; fileEncoding = 4; lastKnownFileType = text.json; path = loader777.json; sourceTree = "<group>"; };
		279ED25A2AEBB558009A76C2 /* SlotSpinningView.swift */ = {isa = PBXFileReference; lastKnownFileType = sourcecode.swift; path = SlotSpinningView.swift; sourceTree = "<group>"; };
		279ED25E2AEBD27E009A76C2 /* winCoins.json */ = {isa = PBXFileReference; fileEncoding = 4; lastKnownFileType = text.json; path = winCoins.json; sourceTree = "<group>"; };
		279ED2602AEBD2D1009A76C2 /* WinCoinsView.swift */ = {isa = PBXFileReference; lastKnownFileType = sourcecode.swift; path = WinCoinsView.swift; sourceTree = "<group>"; };
		279F5E882ACB38C2000FCF70 /* LoaderView.swift */ = {isa = PBXFileReference; lastKnownFileType = sourcecode.swift; path = LoaderView.swift; sourceTree = "<group>"; };
		27A7386C2ACB1EF800DBE601 /* Images.xcassets */ = {isa = PBXFileReference; lastKnownFileType = folder.assetcatalog; path = Images.xcassets; sourceTree = "<group>"; };
		27A89DF82ACC5254006E1E12 /* Color+Extension.swift */ = {isa = PBXFileReference; lastKnownFileType = sourcecode.swift; path = "Color+Extension.swift"; sourceTree = "<group>"; };
		27A89DFA2ACC5806006E1E12 /* UIView.swift */ = {isa = PBXFileReference; lastKnownFileType = sourcecode.swift; path = UIView.swift; sourceTree = "<group>"; };
		27A8D9992ACADD9F00078E74 /* CoolSlots.app */ = {isa = PBXFileReference; explicitFileType = wrapper.application; includeInIndex = 0; path = CoolSlots.app; sourceTree = BUILT_PRODUCTS_DIR; };
		27A8D99C2ACADD9F00078E74 /* AppDelegate.swift */ = {isa = PBXFileReference; lastKnownFileType = sourcecode.swift; path = AppDelegate.swift; sourceTree = "<group>"; };
		27A8D99E2ACADD9F00078E74 /* SceneDelegate.swift */ = {isa = PBXFileReference; lastKnownFileType = sourcecode.swift; path = SceneDelegate.swift; sourceTree = "<group>"; };
		27A8D9A02ACADD9F00078E74 /* ViewController.swift */ = {isa = PBXFileReference; lastKnownFileType = sourcecode.swift; path = ViewController.swift; sourceTree = "<group>"; };
		27A8D9A32ACADD9F00078E74 /* Base */ = {isa = PBXFileReference; lastKnownFileType = file.storyboard; name = Base; path = Base.lproj/Main.storyboard; sourceTree = "<group>"; };
		27A8D9A62ACADD9F00078E74 /* CoolSlots.xcdatamodel */ = {isa = PBXFileReference; lastKnownFileType = wrapper.xcdatamodel; path = CoolSlots.xcdatamodel; sourceTree = "<group>"; };
		27A8D9A82ACADDA000078E74 /* Assets.xcassets */ = {isa = PBXFileReference; lastKnownFileType = folder.assetcatalog; path = Assets.xcassets; sourceTree = "<group>"; };
		27A8D9AB2ACADDA000078E74 /* Base */ = {isa = PBXFileReference; lastKnownFileType = file.storyboard; name = Base; path = Base.lproj/LaunchScreen.storyboard; sourceTree = "<group>"; };
		27A8D9AD2ACADDA000078E74 /* Info.plist */ = {isa = PBXFileReference; lastKnownFileType = text.plist.xml; path = Info.plist; sourceTree = "<group>"; };
		27A8D9B22ACADDA000078E74 /* CoolSlotsTests.xctest */ = {isa = PBXFileReference; explicitFileType = wrapper.cfbundle; includeInIndex = 0; path = CoolSlotsTests.xctest; sourceTree = BUILT_PRODUCTS_DIR; };
		27A8D9B62ACADDA000078E74 /* CoolSlotsTests.swift */ = {isa = PBXFileReference; lastKnownFileType = sourcecode.swift; path = CoolSlotsTests.swift; sourceTree = "<group>"; };
		27A8D9BC2ACADDA000078E74 /* CoolSlotsUITests.xctest */ = {isa = PBXFileReference; explicitFileType = wrapper.cfbundle; includeInIndex = 0; path = CoolSlotsUITests.xctest; sourceTree = BUILT_PRODUCTS_DIR; };
		27A8D9C02ACADDA000078E74 /* CoolSlotsUITests.swift */ = {isa = PBXFileReference; lastKnownFileType = sourcecode.swift; path = CoolSlotsUITests.swift; sourceTree = "<group>"; };
		27A8D9C22ACADDA000078E74 /* CoolSlotsUITestsLaunchTests.swift */ = {isa = PBXFileReference; lastKnownFileType = sourcecode.swift; path = CoolSlotsUITestsLaunchTests.swift; sourceTree = "<group>"; };
		27BABC492AF3C8BD00B79A6E /* SlotData.swift */ = {isa = PBXFileReference; lastKnownFileType = sourcecode.swift; path = SlotData.swift; sourceTree = "<group>"; };
/* End PBXFileReference section */

/* Begin PBXFrameworksBuildPhase section */
		27A8D9962ACADD9F00078E74 /* Frameworks */ = {
			isa = PBXFrameworksBuildPhase;
			buildActionMask = 2147483647;
			files = (
				279ED2552AEBABBB009A76C2 /* Lottie in Frameworks */,
			);
			runOnlyForDeploymentPostprocessing = 0;
		};
		27A8D9AF2ACADDA000078E74 /* Frameworks */ = {
			isa = PBXFrameworksBuildPhase;
			buildActionMask = 2147483647;
			files = (
			);
			runOnlyForDeploymentPostprocessing = 0;
		};
		27A8D9B92ACADDA000078E74 /* Frameworks */ = {
			isa = PBXFrameworksBuildPhase;
			buildActionMask = 2147483647;
			files = (
			);
			runOnlyForDeploymentPostprocessing = 0;
		};
/* End PBXFrameworksBuildPhase section */

/* Begin PBXGroup section */
		270E0AE92ADE8069008CAE37 /* Fonts */ = {
			isa = PBXGroup;
			children = (
				270E0AEA2ADE809C008CAE37 /* BebasNeue-Regular.ttf */,
			);
			path = Fonts;
			sourceTree = "<group>";
		};
		277381512AF50B82003B5FCB /* Utilities */ = {
			isa = PBXGroup;
			children = (
				277381522AF50B98003B5FCB /* Utilities.swift */,
			);
			path = Utilities;
			sourceTree = "<group>";
		};
		279ED2562AEBAC84009A76C2 /* Lottie */ = {
			isa = PBXGroup;
			children = (
				279ED2572AEBACA6009A76C2 /* loader777.json */,
				279ED25E2AEBD27E009A76C2 /* winCoins.json */,
			);
			path = Lottie;
			sourceTree = "<group>";
		};
		279ED2592AEBB530009A76C2 /* Animations */ = {
			isa = PBXGroup;
			children = (
				279ED25A2AEBB558009A76C2 /* SlotSpinningView.swift */,
				279ED2602AEBD2D1009A76C2 /* WinCoinsView.swift */,
			);
			path = Animations;
			sourceTree = "<group>";
		};
		279F5E812ACB34D1000FCF70 /* Scenes */ = {
			isa = PBXGroup;
			children = (
			);
			path = Scenes;
			sourceTree = "<group>";
		};
		279F5E822ACB37B9000FCF70 /* Shared */ = {
			isa = PBXGroup;
			children = (
				277381512AF50B82003B5FCB /* Utilities */,
				27BABC482AF3C8A500B79A6E /* Model */,
				279F5E832ACB37C7000FCF70 /* UI */,
			);
			path = Shared;
			sourceTree = "<group>";
		};
		279F5E832ACB37C7000FCF70 /* UI */ = {
			isa = PBXGroup;
			children = (
				279ED2592AEBB530009A76C2 /* Animations */,
				279F5E852ACB386B000FCF70 /* ViewController */,
				279F5E842ACB384D000FCF70 /* Views */,
			);
			path = UI;
			sourceTree = "<group>";
		};
		279F5E842ACB384D000FCF70 /* Views */ = {
			isa = PBXGroup;
			children = (
				270E0AEE2ADEC81A008CAE37 /* NavigationBar.swift */,
				273CD50B2AE1011900985C0E /* SlotMachineView.swift */,
				273CD50D2AE171BA00985C0E /* BottomBar.swift */,
			);
			path = Views;
			sourceTree = "<group>";
		};
		279F5E852ACB386B000FCF70 /* ViewController */ = {
			isa = PBXGroup;
			children = (
				279F5E882ACB38C2000FCF70 /* LoaderView.swift */,
				275035532ADFB642004726E7 /* ProfilePopup.swift */,
				2764C9982B0A511C00486099 /* SettingsPopup.swift */,
			);
			path = ViewController;
			sourceTree = "<group>";
		};
		27A738672ACB1BA100DBE601 /* Resources */ = {
			isa = PBXGroup;
			children = (
				27A89DF72ACC5231006E1E12 /* Extensions */,
				27A7386A2ACB1D4900DBE601 /* Assets */,
			);
			path = Resources;
			sourceTree = "<group>";
		};
		27A7386A2ACB1D4900DBE601 /* Assets */ = {
			isa = PBXGroup;
			children = (
				279ED2562AEBAC84009A76C2 /* Lottie */,
				270E0AE92ADE8069008CAE37 /* Fonts */,
				27A8D9A82ACADDA000078E74 /* Assets.xcassets */,
				27A7386C2ACB1EF800DBE601 /* Images.xcassets */,
			);
			path = Assets;
			sourceTree = "<group>";
		};
		27A89DF72ACC5231006E1E12 /* Extensions */ = {
			isa = PBXGroup;
			children = (
				27A89DF82ACC5254006E1E12 /* Color+Extension.swift */,
				27A89DFA2ACC5806006E1E12 /* UIView.swift */,
				270E0AEC2ADE875C008CAE37 /* UIFont.swift */,
			);
			path = Extensions;
			sourceTree = "<group>";
		};
		27A8D9902ACADD9F00078E74 = {
			isa = PBXGroup;
			children = (
				27A8D99B2ACADD9F00078E74 /* CoolSlots */,
				27A8D9B52ACADDA000078E74 /* CoolSlotsTests */,
				27A8D9BF2ACADDA000078E74 /* CoolSlotsUITests */,
				27A8D99A2ACADD9F00078E74 /* Products */,
			);
			sourceTree = "<group>";
		};
		27A8D99A2ACADD9F00078E74 /* Products */ = {
			isa = PBXGroup;
			children = (
				27A8D9992ACADD9F00078E74 /* CoolSlots.app */,
				27A8D9B22ACADDA000078E74 /* CoolSlotsTests.xctest */,
				27A8D9BC2ACADDA000078E74 /* CoolSlotsUITests.xctest */,
			);
			name = Products;
			sourceTree = "<group>";
		};
		27A8D99B2ACADD9F00078E74 /* CoolSlots */ = {
			isa = PBXGroup;
			children = (
				279F5E822ACB37B9000FCF70 /* Shared */,
				27A738672ACB1BA100DBE601 /* Resources */,
				27A8D9CF2ACAE1E700078E74 /* Game */,
				27A8D99C2ACADD9F00078E74 /* AppDelegate.swift */,
				27A8D99E2ACADD9F00078E74 /* SceneDelegate.swift */,
				27A8D9A02ACADD9F00078E74 /* ViewController.swift */,
				27A8D9A22ACADD9F00078E74 /* Main.storyboard */,
				27A8D9AA2ACADDA000078E74 /* LaunchScreen.storyboard */,
				27A8D9AD2ACADDA000078E74 /* Info.plist */,
				27A8D9A52ACADD9F00078E74 /* CoolSlots.xcdatamodeld */,
			);
			path = CoolSlots;
			sourceTree = "<group>";
		};
		27A8D9B52ACADDA000078E74 /* CoolSlotsTests */ = {
			isa = PBXGroup;
			children = (
				27A8D9B62ACADDA000078E74 /* CoolSlotsTests.swift */,
			);
			path = CoolSlotsTests;
			sourceTree = "<group>";
		};
		27A8D9BF2ACADDA000078E74 /* CoolSlotsUITests */ = {
			isa = PBXGroup;
			children = (
				27A8D9C02ACADDA000078E74 /* CoolSlotsUITests.swift */,
				27A8D9C22ACADDA000078E74 /* CoolSlotsUITestsLaunchTests.swift */,
			);
			path = CoolSlotsUITests;
			sourceTree = "<group>";
		};
		27A8D9CF2ACAE1E700078E74 /* Game */ = {
			isa = PBXGroup;
			children = (
				279F5E812ACB34D1000FCF70 /* Scenes */,
			);
			path = Game;
			sourceTree = "<group>";
		};
		27BABC482AF3C8A500B79A6E /* Model */ = {
			isa = PBXGroup;
			children = (
				27BABC492AF3C8BD00B79A6E /* SlotData.swift */,
				2773814F2AF509B6003B5FCB /* AppConstants.swift */,
			);
			path = Model;
			sourceTree = "<group>";
		};
/* End PBXGroup section */

/* Begin PBXNativeTarget section */
		27A8D9982ACADD9F00078E74 /* CoolSlots */ = {
			isa = PBXNativeTarget;
			buildConfigurationList = 27A8D9C62ACADDA000078E74 /* Build configuration list for PBXNativeTarget "CoolSlots" */;
			buildPhases = (
				27A8D9952ACADD9F00078E74 /* Sources */,
				27A8D9962ACADD9F00078E74 /* Frameworks */,
				27A8D9972ACADD9F00078E74 /* Resources */,
			);
			buildRules = (
			);
			dependencies = (
			);
			name = CoolSlots;
			packageProductDependencies = (
				279ED2542AEBABBB009A76C2 /* Lottie */,
			);
			productName = CoolSlots;
			productReference = 27A8D9992ACADD9F00078E74 /* CoolSlots.app */;
			productType = "com.apple.product-type.application";
		};
		27A8D9B12ACADDA000078E74 /* CoolSlotsTests */ = {
			isa = PBXNativeTarget;
			buildConfigurationList = 27A8D9C92ACADDA000078E74 /* Build configuration list for PBXNativeTarget "CoolSlotsTests" */;
			buildPhases = (
				27A8D9AE2ACADDA000078E74 /* Sources */,
				27A8D9AF2ACADDA000078E74 /* Frameworks */,
				27A8D9B02ACADDA000078E74 /* Resources */,
			);
			buildRules = (
			);
			dependencies = (
				27A8D9B42ACADDA000078E74 /* PBXTargetDependency */,
			);
			name = CoolSlotsTests;
			productName = CoolSlotsTests;
			productReference = 27A8D9B22ACADDA000078E74 /* CoolSlotsTests.xctest */;
			productType = "com.apple.product-type.bundle.unit-test";
		};
		27A8D9BB2ACADDA000078E74 /* CoolSlotsUITests */ = {
			isa = PBXNativeTarget;
			buildConfigurationList = 27A8D9CC2ACADDA000078E74 /* Build configuration list for PBXNativeTarget "CoolSlotsUITests" */;
			buildPhases = (
				27A8D9B82ACADDA000078E74 /* Sources */,
				27A8D9B92ACADDA000078E74 /* Frameworks */,
				27A8D9BA2ACADDA000078E74 /* Resources */,
			);
			buildRules = (
			);
			dependencies = (
				27A8D9BE2ACADDA000078E74 /* PBXTargetDependency */,
			);
			name = CoolSlotsUITests;
			productName = CoolSlotsUITests;
			productReference = 27A8D9BC2ACADDA000078E74 /* CoolSlotsUITests.xctest */;
			productType = "com.apple.product-type.bundle.ui-testing";
		};
/* End PBXNativeTarget section */

/* Begin PBXProject section */
		27A8D9912ACADD9F00078E74 /* Project object */ = {
			isa = PBXProject;
			attributes = {
				BuildIndependentTargetsInParallel = 1;
				LastSwiftUpdateCheck = 1420;
				LastUpgradeCheck = 1420;
				TargetAttributes = {
					27A8D9982ACADD9F00078E74 = {
						CreatedOnToolsVersion = 14.2;
					};
					27A8D9B12ACADDA000078E74 = {
						CreatedOnToolsVersion = 14.2;
						TestTargetID = 27A8D9982ACADD9F00078E74;
					};
					27A8D9BB2ACADDA000078E74 = {
						CreatedOnToolsVersion = 14.2;
						TestTargetID = 27A8D9982ACADD9F00078E74;
					};
				};
			};
			buildConfigurationList = 27A8D9942ACADD9F00078E74 /* Build configuration list for PBXProject "CoolSlots" */;
			compatibilityVersion = "Xcode 14.0";
			developmentRegion = en;
			hasScannedForEncodings = 0;
			knownRegions = (
				en,
				Base,
			);
			mainGroup = 27A8D9902ACADD9F00078E74;
			packageReferences = (
				279ED2532AEBABBB009A76C2 /* XCRemoteSwiftPackageReference "lottie-spm" */,
			);
			productRefGroup = 27A8D99A2ACADD9F00078E74 /* Products */;
			projectDirPath = "";
			projectRoot = "";
			targets = (
				27A8D9982ACADD9F00078E74 /* CoolSlots */,
				27A8D9B12ACADDA000078E74 /* CoolSlotsTests */,
				27A8D9BB2ACADDA000078E74 /* CoolSlotsUITests */,
			);
		};
/* End PBXProject section */

/* Begin PBXResourcesBuildPhase section */
		27A8D9972ACADD9F00078E74 /* Resources */ = {
			isa = PBXResourcesBuildPhase;
			buildActionMask = 2147483647;
			files = (
				279ED25F2AEBD27E009A76C2 /* winCoins.json in Resources */,
				270E0AEB2ADE809C008CAE37 /* BebasNeue-Regular.ttf in Resources */,
				27A8D9AC2ACADDA000078E74 /* LaunchScreen.storyboard in Resources */,
				27A7386D2ACB1EF800DBE601 /* Images.xcassets in Resources */,
				27A8D9A92ACADDA000078E74 /* Assets.xcassets in Resources */,
				279ED2582AEBACA6009A76C2 /* loader777.json in Resources */,
				27A8D9A42ACADD9F00078E74 /* Main.storyboard in Resources */,
			);
			runOnlyForDeploymentPostprocessing = 0;
		};
		27A8D9B02ACADDA000078E74 /* Resources */ = {
			isa = PBXResourcesBuildPhase;
			buildActionMask = 2147483647;
			files = (
			);
			runOnlyForDeploymentPostprocessing = 0;
		};
		27A8D9BA2ACADDA000078E74 /* Resources */ = {
			isa = PBXResourcesBuildPhase;
			buildActionMask = 2147483647;
			files = (
			);
			runOnlyForDeploymentPostprocessing = 0;
		};
/* End PBXResourcesBuildPhase section */

/* Begin PBXSourcesBuildPhase section */
		27A8D9952ACADD9F00078E74 /* Sources */ = {
			isa = PBXSourcesBuildPhase;
			buildActionMask = 2147483647;
			files = (
				27A8D9A72ACADD9F00078E74 /* CoolSlots.xcdatamodeld in Sources */,
				27A89DF92ACC5254006E1E12 /* Color+Extension.swift in Sources */,
				27A8D9A12ACADD9F00078E74 /* ViewController.swift in Sources */,
				27A89DFB2ACC5806006E1E12 /* UIView.swift in Sources */,
				275035542ADFB642004726E7 /* ProfilePopup.swift in Sources */,
				270E0AED2ADE875C008CAE37 /* UIFont.swift in Sources */,
				270E0AEF2ADEC81A008CAE37 /* NavigationBar.swift in Sources */,
				279F5E892ACB38C2000FCF70 /* LoaderView.swift in Sources */,
				273CD50E2AE171BA00985C0E /* BottomBar.swift in Sources */,
				273CD50C2AE1011900985C0E /* SlotMachineView.swift in Sources */,
				277381532AF50B98003B5FCB /* Utilities.swift in Sources */,
				2764C9992B0A511C00486099 /* SettingsPopup.swift in Sources */,
				279ED2612AEBD2D1009A76C2 /* WinCoinsView.swift in Sources */,
				277381502AF509B6003B5FCB /* AppConstants.swift in Sources */,
				27BABC4A2AF3C8BD00B79A6E /* SlotData.swift in Sources */,
				27A8D99D2ACADD9F00078E74 /* AppDelegate.swift in Sources */,
				27A8D99F2ACADD9F00078E74 /* SceneDelegate.swift in Sources */,
				279ED25B2AEBB558009A76C2 /* SlotSpinningView.swift in Sources */,
			);
			runOnlyForDeploymentPostprocessing = 0;
		};
		27A8D9AE2ACADDA000078E74 /* Sources */ = {
			isa = PBXSourcesBuildPhase;
			buildActionMask = 2147483647;
			files = (
				27A8D9B72ACADDA000078E74 /* CoolSlotsTests.swift in Sources */,
			);
			runOnlyForDeploymentPostprocessing = 0;
		};
		27A8D9B82ACADDA000078E74 /* Sources */ = {
			isa = PBXSourcesBuildPhase;
			buildActionMask = 2147483647;
			files = (
				27A8D9C12ACADDA000078E74 /* CoolSlotsUITests.swift in Sources */,
				27A8D9C32ACADDA000078E74 /* CoolSlotsUITestsLaunchTests.swift in Sources */,
			);
			runOnlyForDeploymentPostprocessing = 0;
		};
/* End PBXSourcesBuildPhase section */

/* Begin PBXTargetDependency section */
		27A8D9B42ACADDA000078E74 /* PBXTargetDependency */ = {
			isa = PBXTargetDependency;
			target = 27A8D9982ACADD9F00078E74 /* CoolSlots */;
			targetProxy = 27A8D9B32ACADDA000078E74 /* PBXContainerItemProxy */;
		};
		27A8D9BE2ACADDA000078E74 /* PBXTargetDependency */ = {
			isa = PBXTargetDependency;
			target = 27A8D9982ACADD9F00078E74 /* CoolSlots */;
			targetProxy = 27A8D9BD2ACADDA000078E74 /* PBXContainerItemProxy */;
		};
/* End PBXTargetDependency section */

/* Begin PBXVariantGroup section */
		27A8D9A22ACADD9F00078E74 /* Main.storyboard */ = {
			isa = PBXVariantGroup;
			children = (
				27A8D9A32ACADD9F00078E74 /* Base */,
			);
			name = Main.storyboard;
			sourceTree = "<group>";
		};
		27A8D9AA2ACADDA000078E74 /* LaunchScreen.storyboard */ = {
			isa = PBXVariantGroup;
			children = (
				27A8D9AB2ACADDA000078E74 /* Base */,
			);
			name = LaunchScreen.storyboard;
			sourceTree = "<group>";
		};
/* End PBXVariantGroup section */

/* Begin XCBuildConfiguration section */
		27A8D9C42ACADDA000078E74 /* Debug */ = {
			isa = XCBuildConfiguration;
			buildSettings = {
				ALWAYS_SEARCH_USER_PATHS = NO;
				CLANG_ANALYZER_NONNULL = YES;
				CLANG_ANALYZER_NUMBER_OBJECT_CONVERSION = YES_AGGRESSIVE;
				CLANG_CXX_LANGUAGE_STANDARD = "gnu++20";
				CLANG_ENABLE_MODULES = YES;
				CLANG_ENABLE_OBJC_ARC = YES;
				CLANG_ENABLE_OBJC_WEAK = YES;
				CLANG_WARN_BLOCK_CAPTURE_AUTORELEASING = YES;
				CLANG_WARN_BOOL_CONVERSION = YES;
				CLANG_WARN_COMMA = YES;
				CLANG_WARN_CONSTANT_CONVERSION = YES;
				CLANG_WARN_DEPRECATED_OBJC_IMPLEMENTATIONS = YES;
				CLANG_WARN_DIRECT_OBJC_ISA_USAGE = YES_ERROR;
				CLANG_WARN_DOCUMENTATION_COMMENTS = YES;
				CLANG_WARN_EMPTY_BODY = YES;
				CLANG_WARN_ENUM_CONVERSION = YES;
				CLANG_WARN_INFINITE_RECURSION = YES;
				CLANG_WARN_INT_CONVERSION = YES;
				CLANG_WARN_NON_LITERAL_NULL_CONVERSION = YES;
				CLANG_WARN_OBJC_IMPLICIT_RETAIN_SELF = YES;
				CLANG_WARN_OBJC_LITERAL_CONVERSION = YES;
				CLANG_WARN_OBJC_ROOT_CLASS = YES_ERROR;
				CLANG_WARN_QUOTED_INCLUDE_IN_FRAMEWORK_HEADER = YES;
				CLANG_WARN_RANGE_LOOP_ANALYSIS = YES;
				CLANG_WARN_STRICT_PROTOTYPES = YES;
				CLANG_WARN_SUSPICIOUS_MOVE = YES;
				CLANG_WARN_UNGUARDED_AVAILABILITY = YES_AGGRESSIVE;
				CLANG_WARN_UNREACHABLE_CODE = YES;
				CLANG_WARN__DUPLICATE_METHOD_MATCH = YES;
				COPY_PHASE_STRIP = NO;
				DEBUG_INFORMATION_FORMAT = dwarf;
				ENABLE_STRICT_OBJC_MSGSEND = YES;
				ENABLE_TESTABILITY = YES;
				GCC_C_LANGUAGE_STANDARD = gnu11;
				GCC_DYNAMIC_NO_PIC = NO;
				GCC_NO_COMMON_BLOCKS = YES;
				GCC_OPTIMIZATION_LEVEL = 0;
				GCC_PREPROCESSOR_DEFINITIONS = (
					"DEBUG=1",
					"$(inherited)",
				);
				GCC_WARN_64_TO_32_BIT_CONVERSION = YES;
				GCC_WARN_ABOUT_RETURN_TYPE = YES_ERROR;
				GCC_WARN_UNDECLARED_SELECTOR = YES;
				GCC_WARN_UNINITIALIZED_AUTOS = YES_AGGRESSIVE;
				GCC_WARN_UNUSED_FUNCTION = YES;
				GCC_WARN_UNUSED_VARIABLE = YES;
				IPHONEOS_DEPLOYMENT_TARGET = 16.1;
				MTL_ENABLE_DEBUG_INFO = INCLUDE_SOURCE;
				MTL_FAST_MATH = YES;
				ONLY_ACTIVE_ARCH = YES;
				SDKROOT = iphoneos;
				SWIFT_ACTIVE_COMPILATION_CONDITIONS = DEBUG;
				SWIFT_OPTIMIZATION_LEVEL = "-Onone";
			};
			name = Debug;
		};
		27A8D9C52ACADDA000078E74 /* Release */ = {
			isa = XCBuildConfiguration;
			buildSettings = {
				ALWAYS_SEARCH_USER_PATHS = NO;
				CLANG_ANALYZER_NONNULL = YES;
				CLANG_ANALYZER_NUMBER_OBJECT_CONVERSION = YES_AGGRESSIVE;
				CLANG_CXX_LANGUAGE_STANDARD = "gnu++20";
				CLANG_ENABLE_MODULES = YES;
				CLANG_ENABLE_OBJC_ARC = YES;
				CLANG_ENABLE_OBJC_WEAK = YES;
				CLANG_WARN_BLOCK_CAPTURE_AUTORELEASING = YES;
				CLANG_WARN_BOOL_CONVERSION = YES;
				CLANG_WARN_COMMA = YES;
				CLANG_WARN_CONSTANT_CONVERSION = YES;
				CLANG_WARN_DEPRECATED_OBJC_IMPLEMENTATIONS = YES;
				CLANG_WARN_DIRECT_OBJC_ISA_USAGE = YES_ERROR;
				CLANG_WARN_DOCUMENTATION_COMMENTS = YES;
				CLANG_WARN_EMPTY_BODY = YES;
				CLANG_WARN_ENUM_CONVERSION = YES;
				CLANG_WARN_INFINITE_RECURSION = YES;
				CLANG_WARN_INT_CONVERSION = YES;
				CLANG_WARN_NON_LITERAL_NULL_CONVERSION = YES;
				CLANG_WARN_OBJC_IMPLICIT_RETAIN_SELF = YES;
				CLANG_WARN_OBJC_LITERAL_CONVERSION = YES;
				CLANG_WARN_OBJC_ROOT_CLASS = YES_ERROR;
				CLANG_WARN_QUOTED_INCLUDE_IN_FRAMEWORK_HEADER = YES;
				CLANG_WARN_RANGE_LOOP_ANALYSIS = YES;
				CLANG_WARN_STRICT_PROTOTYPES = YES;
				CLANG_WARN_SUSPICIOUS_MOVE = YES;
				CLANG_WARN_UNGUARDED_AVAILABILITY = YES_AGGRESSIVE;
				CLANG_WARN_UNREACHABLE_CODE = YES;
				CLANG_WARN__DUPLICATE_METHOD_MATCH = YES;
				COPY_PHASE_STRIP = NO;
				DEBUG_INFORMATION_FORMAT = "dwarf-with-dsym";
				ENABLE_NS_ASSERTIONS = NO;
				ENABLE_STRICT_OBJC_MSGSEND = YES;
				GCC_C_LANGUAGE_STANDARD = gnu11;
				GCC_NO_COMMON_BLOCKS = YES;
				GCC_WARN_64_TO_32_BIT_CONVERSION = YES;
				GCC_WARN_ABOUT_RETURN_TYPE = YES_ERROR;
				GCC_WARN_UNDECLARED_SELECTOR = YES;
				GCC_WARN_UNINITIALIZED_AUTOS = YES_AGGRESSIVE;
				GCC_WARN_UNUSED_FUNCTION = YES;
				GCC_WARN_UNUSED_VARIABLE = YES;
				IPHONEOS_DEPLOYMENT_TARGET = 16.1;
				MTL_ENABLE_DEBUG_INFO = NO;
				MTL_FAST_MATH = YES;
				SDKROOT = iphoneos;
				SWIFT_COMPILATION_MODE = wholemodule;
				SWIFT_OPTIMIZATION_LEVEL = "-O";
				VALIDATE_PRODUCT = YES;
			};
			name = Release;
		};
		27A8D9C72ACADDA000078E74 /* Debug */ = {
			isa = XCBuildConfiguration;
			buildSettings = {
				ASSETCATALOG_COMPILER_APPICON_NAME = AppIcon;
				ASSETCATALOG_COMPILER_GLOBAL_ACCENT_COLOR_NAME = AccentColor;
				CODE_SIGN_IDENTITY = "Apple Development";
				CODE_SIGN_STYLE = Automatic;
				CURRENT_PROJECT_VERSION = 1;
				DEVELOPMENT_TEAM = X82YGTMC7D;
				GENERATE_INFOPLIST_FILE = YES;
				INFOPLIST_FILE = CoolSlots/Info.plist;
				INFOPLIST_KEY_CFBundleDisplayName = "Luxury Slots Game\nNo Results\nLuxury Slots game\nNo Results\nLuxury Slots game\nNo Results\nLuxury Slots game\nNo Results\nLuxury Slots game\nNo Results\nLuxury Slots Game";
				INFOPLIST_KEY_LSApplicationCategoryType = "public.app-category.games";
				INFOPLIST_KEY_UIApplicationSupportsIndirectInputEvents = YES;
				INFOPLIST_KEY_UILaunchStoryboardName = LaunchScreen;
				INFOPLIST_KEY_UIMainStoryboardFile = Main;
				INFOPLIST_KEY_UISupportedInterfaceOrientations = "UIInterfaceOrientationLandscapeLeft UIInterfaceOrientationLandscapeRight";
				INFOPLIST_KEY_UISupportedInterfaceOrientations_iPad = "UIInterfaceOrientationLandscapeLeft UIInterfaceOrientationLandscapeRight UIInterfaceOrientationPortrait UIInterfaceOrientationPortraitUpsideDown";
				IPHONEOS_DEPLOYMENT_TARGET = 16.1;
				LD_RUNPATH_SEARCH_PATHS = (
					"$(inherited)",
					"@executable_path/Frameworks",
				);
				MARKETING_VERSION = 1.0;
				PRODUCT_BUNDLE_IDENTIFIER = rw.shema.CoolSlots;
				PRODUCT_NAME = "$(TARGET_NAME)";
				PROVISIONING_PROFILE_SPECIFIER = "";
				SWIFT_EMIT_LOC_STRINGS = YES;
				SWIFT_VERSION = 5.0;
				TARGETED_DEVICE_FAMILY = "1,2";
			};
			name = Debug;
		};
		27A8D9C82ACADDA000078E74 /* Release */ = {
			isa = XCBuildConfiguration;
			buildSettings = {
				ASSETCATALOG_COMPILER_APPICON_NAME = AppIcon;
				ASSETCATALOG_COMPILER_GLOBAL_ACCENT_COLOR_NAME = AccentColor;
				CODE_SIGN_IDENTITY = "Apple Development";
				CODE_SIGN_STYLE = Automatic;
				CURRENT_PROJECT_VERSION = 1;
				DEVELOPMENT_TEAM = X82YGTMC7D;
				GENERATE_INFOPLIST_FILE = YES;
				INFOPLIST_FILE = CoolSlots/Info.plist;
				INFOPLIST_KEY_CFBundleDisplayName = "Luxury Slots Game\nNo Results\nLuxury Slots game\nNo Results\nLuxury Slots game\nNo Results\nLuxury Slots game\nNo Results\nLuxury Slots game\nNo Results\nLuxury Slots Game";
				INFOPLIST_KEY_LSApplicationCategoryType = "public.app-category.games";
				INFOPLIST_KEY_UIApplicationSupportsIndirectInputEvents = YES;
				INFOPLIST_KEY_UILaunchStoryboardName = LaunchScreen;
				INFOPLIST_KEY_UIMainStoryboardFile = Main;
				INFOPLIST_KEY_UISupportedInterfaceOrientations = "UIInterfaceOrientationLandscapeLeft UIInterfaceOrientationLandscapeRight";
				INFOPLIST_KEY_UISupportedInterfaceOrientations_iPad = "UIInterfaceOrientationLandscapeLeft UIInterfaceOrientationLandscapeRight UIInterfaceOrientationPortrait UIInterfaceOrientationPortraitUpsideDown";
				IPHONEOS_DEPLOYMENT_TARGET = 16.1;
				LD_RUNPATH_SEARCH_PATHS = (
					"$(inherited)",
					"@executable_path/Frameworks",
				);
				MARKETING_VERSION = 1.0;
				PRODUCT_BUNDLE_IDENTIFIER = rw.shema.CoolSlots;
				PRODUCT_NAME = "$(TARGET_NAME)";
				PROVISIONING_PROFILE_SPECIFIER = "";
				SWIFT_EMIT_LOC_STRINGS = YES;
				SWIFT_VERSION = 5.0;
				TARGETED_DEVICE_FAMILY = "1,2";
			};
			name = Release;
		};
		27A8D9CA2ACADDA000078E74 /* Debug */ = {
			isa = XCBuildConfiguration;
			buildSettings = {
				ALWAYS_EMBED_SWIFT_STANDARD_LIBRARIES = YES;
				BUNDLE_LOADER = "$(TEST_HOST)";
				CODE_SIGN_STYLE = Automatic;
				CURRENT_PROJECT_VERSION = 1;
				DEVELOPMENT_TEAM = W4ZGXHX466;
				GENERATE_INFOPLIST_FILE = YES;
				IPHONEOS_DEPLOYMENT_TARGET = 16.2;
				MARKETING_VERSION = 1.0;
				PRODUCT_BUNDLE_IDENTIFIER = rw.shema.CoolSlotsTests;
				PRODUCT_NAME = "$(TARGET_NAME)";
				SWIFT_EMIT_LOC_STRINGS = NO;
				SWIFT_VERSION = 5.0;
				TARGETED_DEVICE_FAMILY = "1,2";
				TEST_HOST = "$(BUILT_PRODUCTS_DIR)/CoolSlots.app/$(BUNDLE_EXECUTABLE_FOLDER_PATH)/CoolSlots";
			};
			name = Debug;
		};
		27A8D9CB2ACADDA000078E74 /* Release */ = {
			isa = XCBuildConfiguration;
			buildSettings = {
				ALWAYS_EMBED_SWIFT_STANDARD_LIBRARIES = YES;
				BUNDLE_LOADER = "$(TEST_HOST)";
				CODE_SIGN_STYLE = Automatic;
				CURRENT_PROJECT_VERSION = 1;
				DEVELOPMENT_TEAM = W4ZGXHX466;
				GENERATE_INFOPLIST_FILE = YES;
				IPHONEOS_DEPLOYMENT_TARGET = 16.2;
				MARKETING_VERSION = 1.0;
				PRODUCT_BUNDLE_IDENTIFIER = rw.shema.CoolSlotsTests;
				PRODUCT_NAME = "$(TARGET_NAME)";
				SWIFT_EMIT_LOC_STRINGS = NO;
				SWIFT_VERSION = 5.0;
				TARGETED_DEVICE_FAMILY = "1,2";
				TEST_HOST = "$(BUILT_PRODUCTS_DIR)/CoolSlots.app/$(BUNDLE_EXECUTABLE_FOLDER_PATH)/CoolSlots";
			};
			name = Release;
		};
		27A8D9CD2ACADDA000078E74 /* Debug */ = {
			isa = XCBuildConfiguration;
			buildSettings = {
				ALWAYS_EMBED_SWIFT_STANDARD_LIBRARIES = YES;
				CODE_SIGN_STYLE = Automatic;
				CURRENT_PROJECT_VERSION = 1;
				DEVELOPMENT_TEAM = W4ZGXHX466;
				GENERATE_INFOPLIST_FILE = YES;
				MARKETING_VERSION = 1.0;
				PRODUCT_BUNDLE_IDENTIFIER = rw.shema.CoolSlotsUITests;
				PRODUCT_NAME = "$(TARGET_NAME)";
				SWIFT_EMIT_LOC_STRINGS = NO;
				SWIFT_VERSION = 5.0;
				TARGETED_DEVICE_FAMILY = "1,2";
				TEST_TARGET_NAME = CoolSlots;
			};
			name = Debug;
		};
		27A8D9CE2ACADDA000078E74 /* Release */ = {
			isa = XCBuildConfiguration;
			buildSettings = {
				ALWAYS_EMBED_SWIFT_STANDARD_LIBRARIES = YES;
				CODE_SIGN_STYLE = Automatic;
				CURRENT_PROJECT_VERSION = 1;
				DEVELOPMENT_TEAM = W4ZGXHX466;
				GENERATE_INFOPLIST_FILE = YES;
				MARKETING_VERSION = 1.0;
				PRODUCT_BUNDLE_IDENTIFIER = rw.shema.CoolSlotsUITests;
				PRODUCT_NAME = "$(TARGET_NAME)";
				SWIFT_EMIT_LOC_STRINGS = NO;
				SWIFT_VERSION = 5.0;
				TARGETED_DEVICE_FAMILY = "1,2";
				TEST_TARGET_NAME = CoolSlots;
			};
			name = Release;
		};
/* End XCBuildConfiguration section */

/* Begin XCConfigurationList section */
		27A8D9942ACADD9F00078E74 /* Build configuration list for PBXProject "CoolSlots" */ = {
			isa = XCConfigurationList;
			buildConfigurations = (
				27A8D9C42ACADDA000078E74 /* Debug */,
				27A8D9C52ACADDA000078E74 /* Release */,
			);
			defaultConfigurationIsVisible = 0;
			defaultConfigurationName = Release;
		};
		27A8D9C62ACADDA000078E74 /* Build configuration list for PBXNativeTarget "CoolSlots" */ = {
			isa = XCConfigurationList;
			buildConfigurations = (
				27A8D9C72ACADDA000078E74 /* Debug */,
				27A8D9C82ACADDA000078E74 /* Release */,
			);
			defaultConfigurationIsVisible = 0;
			defaultConfigurationName = Release;
		};
		27A8D9C92ACADDA000078E74 /* Build configuration list for PBXNativeTarget "CoolSlotsTests" */ = {
			isa = XCConfigurationList;
			buildConfigurations = (
				27A8D9CA2ACADDA000078E74 /* Debug */,
				27A8D9CB2ACADDA000078E74 /* Release */,
			);
			defaultConfigurationIsVisible = 0;
			defaultConfigurationName = Release;
		};
		27A8D9CC2ACADDA000078E74 /* Build configuration list for PBXNativeTarget "CoolSlotsUITests" */ = {
			isa = XCConfigurationList;
			buildConfigurations = (
				27A8D9CD2ACADDA000078E74 /* Debug */,
				27A8D9CE2ACADDA000078E74 /* Release */,
			);
			defaultConfigurationIsVisible = 0;
			defaultConfigurationName = Release;
		};
/* End XCConfigurationList section */

/* Begin XCRemoteSwiftPackageReference section */
		279ED2532AEBABBB009A76C2 /* XCRemoteSwiftPackageReference "lottie-spm" */ = {
			isa = XCRemoteSwiftPackageReference;
			repositoryURL = "https://github.com/airbnb/lottie-spm.git";
			requirement = {
				kind = upToNextMajorVersion;
				minimumVersion = 4.3.3;
			};
		};
/* End XCRemoteSwiftPackageReference section */

/* Begin XCSwiftPackageProductDependency section */
		279ED2542AEBABBB009A76C2 /* Lottie */ = {
			isa = XCSwiftPackageProductDependency;
			package = 279ED2532AEBABBB009A76C2 /* XCRemoteSwiftPackageReference "lottie-spm" */;
			productName = Lottie;
		};
/* End XCSwiftPackageProductDependency section */

/* Begin XCVersionGroup section */
		27A8D9A52ACADD9F00078E74 /* CoolSlots.xcdatamodeld */ = {
			isa = XCVersionGroup;
			children = (
				27A8D9A62ACADD9F00078E74 /* CoolSlots.xcdatamodel */,
			);
			currentVersion = 27A8D9A62ACADD9F00078E74 /* CoolSlots.xcdatamodel */;
			path = CoolSlots.xcdatamodeld;
			sourceTree = "<group>";
			versionGroupType = wrapper.xcdatamodel;
		};
/* End XCVersionGroup section */
	};
	rootObject = 27A8D9912ACADD9F00078E74 /* Project object */;
}
